
Microsoft Visual Studio Solution File, Format Version 12.00
# Visual Studio 2012
Project("{FAE04EC0-301F-11D3-BF4B-00C04F79EFBC}") = "vDo.Server", "vDo.Server\vDo.Server.csproj", "{AB6C84C6-5E40-442D-90BF-BD00FCB2E194}"
EndProject
Project("{FAE04EC0-301F-11D3-BF4B-00C04F79EFBC}") = "vDo.Web", "vDo.Web\vDo.Web.csproj", "{0EE9C1D3-19D4-4D9C-8EA6-88C55328E953}"
EndProject
Global
	GlobalSection(SolutionConfigurationPlatforms) = preSolution
		Debug|Any CPU = Debug|Any CPU
		Release|Any CPU = Release|Any CPU
	EndGlobalSection
	GlobalSection(ProjectConfigurationPlatforms) = postSolution
		{AB6C84C6-5E40-442D-90BF-BD00FCB2E194}.Debug|Any CPU.ActiveCfg = Debug|Any CPU
		{AB6C84C6-5E40-442D-90BF-BD00FCB2E194}.Debug|Any CPU.Build.0 = Debug|Any CPU
		{AB6C84C6-5E40-442D-90BF-BD00FCB2E194}.Release|Any CPU.ActiveCfg = Release|Any CPU
		{AB6C84C6-5E40-442D-90BF-BD00FCB2E194}.Release|Any CPU.Build.0 = Release|Any CPU
		{0EE9C1D3-19D4-4D9C-8EA6-88C55328E953}.Debug|Any CPU.ActiveCfg = Debug|Any CPU
		{0EE9C1D3-19D4-4D9C-8EA6-88C55328E953}.Debug|Any CPU.Build.0 = Debug|Any CPU
		{0EE9C1D3-19D4-4D9C-8EA6-88C55328E953}.Release|Any CPU.ActiveCfg = Release|Any CPU
		{0EE9C1D3-19D4-4D9C-8EA6-88C55328E953}.Release|Any CPU.Build.0 = Release|Any CPU
	EndGlobalSection
	GlobalSection(SolutionProperties) = preSolution
		HideSolutionNode = FALSE
	EndGlobalSection
EndGlobal
